
Microsoft Visual Studio Solution File, Format Version 12.00
# Visual Studio Version 17
VisualStudioVersion = 17.3.32819.101
MinimumVisualStudioVersion = 10.0.40219.1
Project("{FAE04EC0-301F-11D3-BF4B-00C04F79EFBC}") = "HelloWorld", "HelloWorld\HelloWorld.csproj", "{6FDB8ED2-0E11-4A0A-8098-453797159BE5}"
EndProject
Global
	GlobalSection(SolutionConfigurationPlatforms) = preSolution
		Debug|Any CPU = Debug|Any CPU
		Release|Any CPU = Release|Any CPU
	EndGlobalSection
	GlobalSection(ProjectConfigurationPlatforms) = postSolution
		{6FDB8ED2-0E11-4A0A-8098-453797159BE5}.Debug|Any CPU.ActiveCfg = Debug|Any CPU
		{6FDB8ED2-0E11-4A0A-8098-453797159BE5}.Debug|Any CPU.Build.0 = Debug|Any CPU
		{6FDB8ED2-0E11-4A0A-8098-453797159BE5}.Release|Any CPU.ActiveCfg = Release|Any CPU
		{6FDB8ED2-0E11-4A0A-8098-453797159BE5}.Release|Any CPU.Build.0 = Release|Any CPU
	EndGlobalSection
	GlobalSection(SolutionProperties) = preSolution
		HideSolutionNode = FALSE
	EndGlobalSection
	GlobalSection(ExtensibilityGlobals) = postSolution
		SolutionGuid = {72BD5017-17CE-4812-86EC-2F0222D97993}
	EndGlobalSection
EndGlobal
